
Microsoft Visual Studio Solution File, Format Version 12.00
Project("{FAE04EC0-301F-11D3-BF4B-00C04F79EFBC}") = "ToolsFx", "ToolsFx\ToolsFx.csproj", "{CF315FA6-7958-48E3-BA8E-351670A82FD2}"
EndProject
Project("{FAE04EC0-301F-11D3-BF4B-00C04F79EFBC}") = "ToolsFx.Next", "ToolsFx.Next\ToolsFx.Next.csproj", "{15F0A75A-7889-4C48-B32B-CB39ACBC1D24}"
EndProject
Project("{2150E333-8FDC-42A3-9474-1A3956D46DE8}") = "docs", "docs", "{D10EB94D-40DD-4D12-9781-1A3F0E526190}"
EndProject
Global
	GlobalSection(SolutionConfigurationPlatforms) = preSolution
		Debug|Any CPU = Debug|Any CPU
		Release|Any CPU = Release|Any CPU
	EndGlobalSection
	GlobalSection(ProjectConfigurationPlatforms) = postSolution
		{CF315FA6-7958-48E3-BA8E-351670A82FD2}.Debug|Any CPU.ActiveCfg = Debug|Any CPU
		{CF315FA6-7958-48E3-BA8E-351670A82FD2}.Debug|Any CPU.Build.0 = Debug|Any CPU
		{CF315FA6-7958-48E3-BA8E-351670A82FD2}.Release|Any CPU.ActiveCfg = Release|Any CPU
		{CF315FA6-7958-48E3-BA8E-351670A82FD2}.Release|Any CPU.Build.0 = Release|Any CPU
		{15F0A75A-7889-4C48-B32B-CB39ACBC1D24}.Debug|Any CPU.ActiveCfg = Debug|Any CPU
		{15F0A75A-7889-4C48-B32B-CB39ACBC1D24}.Debug|Any CPU.Build.0 = Debug|Any CPU
		{15F0A75A-7889-4C48-B32B-CB39ACBC1D24}.Release|Any CPU.ActiveCfg = Release|Any CPU
		{15F0A75A-7889-4C48-B32B-CB39ACBC1D24}.Release|Any CPU.Build.0 = Release|Any CPU
	EndGlobalSection
EndGlobal
